lockfileVersion: '9.0'

settings:
  autoInstallPeers: true
  excludeLinksFromLockfile: false

importers:

  .:
    dependencies:
      ios-pwa-splash:
        specifier: ^1.0.0
        version: 1.0.0

packages:

  ios-pwa-splash@1.0.0:
    resolution: {integrity: sha512-3T2D1G88RvSU9MpdUHeh3MaQ7AW9r280CyBgKzt96x7bd7/dPpDdDeYmuF4I35OTsWVNHweQkBwN9q07+/rQjQ==}

snapshots:

  ios-pwa-splash@1.0.0: {}
